
Microsoft Visual Studio Solution File, Format Version 12.00
# Visual Studio 15
VisualStudioVersion = 15.0.27703.2000
MinimumVisualStudioVersion = 10.0.40219.1
Project("{FAE04EC0-301F-11D3-BF4B-00C04F79EFBC}") = "FileHandlingSampleQuestion", "FileHandlingSampleQuestion\FileHandlingSampleQuestion.csproj", "{ECD31564-EB51-48B7-8AAF-AFCED2A272B2}"
EndProject
Global
	GlobalSection(SolutionConfigurationPlatforms) = preSolution
		Debug|Any CPU = Debug|Any CPU
		Release|Any CPU = Release|Any CPU
	EndGlobalSection
	GlobalSection(ProjectConfigurationPlatforms) = postSolution
		{ECD31564-EB51-48B7-8AAF-AFCED2A272B2}.Debug|Any CPU.ActiveCfg = Debug|Any CPU
		{ECD31564-EB51-48B7-8AAF-AFCED2A272B2}.Debug|Any CPU.Build.0 = Debug|Any CPU
		{ECD31564-EB51-48B7-8AAF-AFCED2A272B2}.Release|Any CPU.ActiveCfg = Release|Any CPU
		{ECD31564-EB51-48B7-8AAF-AFCED2A272B2}.Release|Any CPU.Build.0 = Release|Any CPU
	EndGlobalSection
	GlobalSection(SolutionProperties) = preSolution
		HideSolutionNode = FALSE
	EndGlobalSection
	GlobalSection(ExtensibilityGlobals) = postSolution
		SolutionGuid = {E8C0EE38-E348-472F-A110-62D21F9976B4}
	EndGlobalSection
EndGlobal
